PODS:
  - Alamofire (4.4.0)
  - AlamofireImage (3.2.0):
    - Alamofire (~> 4.1)
  - Argo (4.1.2):
    - Runes (>= 4.0.0)
  - Charts (3.0.2):
    - Charts/Core (= 3.0.2)
  - Charts/Core (3.0.2)
  - Curry (3.0.0)
  - Runes (4.0.1)
  - RxCocoa (3.4.0):
    - RxSwift (~> 3.4)
  - RxSwift (3.4.0)
  - SteviaLayout (3.1.3)
  - STRegex (0.4.3)

DEPENDENCIES:
  - Alamofire (~> 4.4)
  - AlamofireImage (~> 3.1)
  - Argo (~> 4.1.2)
  - Charts (~> 3.0.2)
  - Curry (~> 3.0.0)
  - RxCocoa (~> 3.0)
  - RxSwift (~> 3.0)
  - SteviaLayout (~> 3.1.2)
  - STRegex (~> 0.4.0)

SPEC CHECKSUMS:
  Alamofire: dc44b1600b800eb63da6a19039a0083d62a6a62d
  AlamofireImage: 157ed682cc81d3b9db4fb90c1f12180ac552d93b
  Argo: 5db06502fc1222d83011f574243089dab25202ff
  Charts: 236d6ccdd0ce6feae151d89e829a7397381a21fd
  Curry: eb3d2c75aec678b3cc7fb2729d2ad6dd121531d1
  Runes: ff20f163b478ac2c0e18158d6086fd5b1997f983
  RxCocoa: d14ef6b6029e1ddc6e966508c09289090de68ff9
  RxSwift: 3789a1af753002a14edecdb698a2424624296a9c
  SteviaLayout: 807c742a8e4bcb94f47f018b23873a40f1f1cc1d
  STRegex: c7decbba8601717274774a3f341c4807a327a6d0

PODFILE CHECKSUM: 9fc321f1fec4b0809f838cf8ecef10a00dbb61f0

COCOAPODS: 1.2.0
