// !$*UTF8*$!
{
	archiveVersion = 1;
	classes = {
	};
	objectVersion = 46;
	objects = {

/* Begin PBXBuildFile section */
		A21460901EA69E0F00831F14 /* Model.swift in Sources */ = {isa = PBXBuildFile; fileRef = A214608F1EA69E0F00831F14 /* Model.swift */; };
		A21460921EA69F3200831F14 /* TabBarController.swift in Sources */ = {isa = PBXBuildFile; fileRef = A21460911EA69F3200831F14 /* TabBarController.swift */; };
		A21460941EA6A62400831F14 /* ViewController.swift in Sources */ = {isa = PBXBuildFile; fileRef = A21460931EA6A62400831F14 /* ViewController.swift */; };
		A21460961EA6A79000831F14 /* NavigationController.swift in Sources */ = {isa = PBXBuildFile; fileRef = A21460951EA6A79000831F14 /* NavigationController.swift */; };
		A21460991EA6AF9400831F14 /* StockTabBarController.swift in Sources */ = {isa = PBXBuildFile; fileRef = A21460981EA6AF9400831F14 /* StockTabBarController.swift */; };
		A214609B1EA6BC1200831F14 /* SearchBar.swift in Sources */ = {isa = PBXBuildFile; fileRef = A214609A1EA6BC1200831F14 /* SearchBar.swift */; };
		A214609D1EA6C2B700831F14 /* Extensions.swift in Sources */ = {isa = PBXBuildFile; fileRef = A214609C1EA6C2B700831F14 /* Extensions.swift */; };
		A214609F1EA6CEEF00831F14 /* URLManager.swift in Sources */ = {isa = PBXBuildFile; fileRef = A214609E1EA6CEEF00831F14 /* URLManager.swift */; };
		A21460AE1EA6D3C900831F14 /* URLManager.swift in Sources */ = {isa = PBXBuildFile; fileRef = A214609E1EA6CEEF00831F14 /* URLManager.swift */; };
		A226831C1EA93B85000B64C3 /* Stock_Boy_Tests.swift in Sources */ = {isa = PBXBuildFile; fileRef = A21460A61EA6D29900831F14 /* Stock_Boy_Tests.swift */; };
		A226831D1EA93BA3000B64C3 /* DataManager.swift in Sources */ = {isa = PBXBuildFile; fileRef = A2F9F78C1EA9103300340A51 /* DataManager.swift */; };
		A226831E1EA93BA3000B64C3 /* Model.swift in Sources */ = {isa = PBXBuildFile; fileRef = A214608F1EA69E0F00831F14 /* Model.swift */; };
		A226E8711EA69C9900354283 /* AppDelegate.swift in Sources */ = {isa = PBXBuildFile; fileRef = A226E8701EA69C9900354283 /* AppDelegate.swift */; };
		A226E8731EA69C9900354283 /* ChartViewController.swift in Sources */ = {isa = PBXBuildFile; fileRef = A226E8721EA69C9900354283 /* ChartViewController.swift */; };
		A226E8751EA69C9900354283 /* QuoteViewController.swift in Sources */ = {isa = PBXBuildFile; fileRef = A226E8741EA69C9900354283 /* QuoteViewController.swift */; };
		A226E87A1EA69C9900354283 /* Assets.xcassets in Resources */ = {isa = PBXBuildFile; fileRef = A226E8791EA69C9900354283 /* Assets.xcassets */; };
		A226E87D1EA69C9900354283 /* LaunchScreen.storyboard in Resources */ = {isa = PBXBuildFile; fileRef = A226E87B1EA69C9900354283 /* LaunchScreen.storyboard */; };
		A2F9F78B1EA90E2400340A51 /* QuoteCell.swift in Sources */ = {isa = PBXBuildFile; fileRef = A2F9F78A1EA90E2400340A51 /* QuoteCell.swift */; };
		A2F9F78D1EA9103300340A51 /* DataManager.swift in Sources */ = {isa = PBXBuildFile; fileRef = A2F9F78C1EA9103300340A51 /* DataManager.swift */; };
		E38F51EEF98293DCC537241E /* Pods_Stock_Boy.framework in Frameworks */ = {isa = PBXBuildFile; fileRef = 5AAC6870C3FC2C5F110DABCB /* Pods_Stock_Boy.framework */; };
/* End PBXBuildFile section */

/* Begin PBXContainerItemProxy section */
		A21460A91EA6D29900831F14 /* PBXContainerItemProxy */ = {
			isa = PBXContainerItemProxy;
			containerPortal = A226E8651EA69C9900354283 /* Project object */;
			proxyType = 1;
			remoteGlobalIDString = A226E86C1EA69C9900354283;
			remoteInfo = "Stock Boy";
		};
/* End PBXContainerItemProxy section */

/* Begin PBXFileReference section */
		5AAC6870C3FC2C5F110DABCB /* Pods_Stock_Boy.framework */ = {isa = PBXFileReference; explicitFileType = wrapper.framework; includeInIndex = 0; path = Pods_Stock_Boy.framework; sourceTree = BUILT_PRODUCTS_DIR; };
		81100AEC0AA477588B529485 /* Pods-Stock Boy.release.xcconfig */ = {isa = PBXFileReference; includeInIndex = 1; lastKnownFileType = text.xcconfig; name = "Pods-Stock Boy.release.xcconfig"; path = "Pods/Target Support Files/Pods-Stock Boy/Pods-Stock Boy.release.xcconfig"; sourceTree = "<group>"; };
		A214608F1EA69E0F00831F14 /* Model.swift */ = {isa = PBXFileReference; fileEncoding = 4; lastKnownFileType = sourcecode.swift; path = Model.swift; sourceTree = "<group>"; };
		A21460911EA69F3200831F14 /* TabBarController.swift */ = {isa = PBXFileReference; fileEncoding = 4; lastKnownFileType = sourcecode.swift; path = TabBarController.swift; sourceTree = "<group>"; };
		A21460931EA6A62400831F14 /* ViewController.swift */ = {isa = PBXFileReference; fileEncoding = 4; lastKnownFileType = sourcecode.swift; path = ViewController.swift; sourceTree = "<group>"; };
		A21460951EA6A79000831F14 /* NavigationController.swift */ = {isa = PBXFileReference; fileEncoding = 4; lastKnownFileType = sourcecode.swift; path = NavigationController.swift; sourceTree = "<group>"; };
		A21460981EA6AF9400831F14 /* StockTabBarController.swift */ = {isa = PBXFileReference; fileEncoding = 4; lastKnownFileType = sourcecode.swift; path = StockTabBarController.swift; sourceTree = "<group>"; };
		A214609A1EA6BC1200831F14 /* SearchBar.swift */ = {isa = PBXFileReference; fileEncoding = 4; lastKnownFileType = sourcecode.swift; path = SearchBar.swift; sourceTree = "<group>"; };
		A214609C1EA6C2B700831F14 /* Extensions.swift */ = {isa = PBXFileReference; fileEncoding = 4; lastKnownFileType = sourcecode.swift; path = Extensions.swift; sourceTree = "<group>"; };
		A214609E1EA6CEEF00831F14 /* URLManager.swift */ = {isa = PBXFileReference; fileEncoding = 4; lastKnownFileType = sourcecode.swift; path = URLManager.swift; sourceTree = "<group>"; };
		A21460A41EA6D29900831F14 /* Stock Boy Tests.xctest */ = {isa = PBXFileReference; explicitFileType = wrapper.cfbundle; includeInIndex = 0; path = "Stock Boy Tests.xctest"; sourceTree = BUILT_PRODUCTS_DIR; };
		A21460A61EA6D29900831F14 /* Stock_Boy_Tests.swift */ = {isa = PBXFileReference; lastKnownFileType = sourcecode.swift; path = Stock_Boy_Tests.swift; sourceTree = "<group>"; };
		A21460A81EA6D29900831F14 /* Info.plist */ = {isa = PBXFileReference; lastKnownFileType = text.plist.xml; path = Info.plist; sourceTree = "<group>"; };
		A226E86D1EA69C9900354283 /* Stock Boy.app */ = {isa = PBXFileReference; explicitFileType = wrapper.application; includeInIndex = 0; path = "Stock Boy.app"; sourceTree = BUILT_PRODUCTS_DIR; };
		A226E8701EA69C9900354283 /* AppDelegate.swift */ = {isa = PBXFileReference; lastKnownFileType = sourcecode.swift; path = AppDelegate.swift; sourceTree = "<group>"; };
		A226E8721EA69C9900354283 /* ChartViewController.swift */ = {isa = PBXFileReference; lastKnownFileType = sourcecode.swift; path = ChartViewController.swift; sourceTree = "<group>"; };
		A226E8741EA69C9900354283 /* QuoteViewController.swift */ = {isa = PBXFileReference; lastKnownFileType = sourcecode.swift; path = QuoteViewController.swift; sourceTree = "<group>"; };
		A226E8791EA69C9900354283 /* Assets.xcassets */ = {isa = PBXFileReference; lastKnownFileType = folder.assetcatalog; path = Assets.xcassets; sourceTree = "<group>"; };
		A226E87C1EA69C9900354283 /* Base */ = {isa = PBXFileReference; lastKnownFileType = file.storyboard; name = Base; path = Base.lproj/LaunchScreen.storyboard; sourceTree = "<group>"; };
		A226E87E1EA69C9900354283 /* Info.plist */ = {isa = PBXFileReference; lastKnownFileType = text.plist.xml; path = Info.plist; sourceTree = "<group>"; };
		A2F9F78A1EA90E2400340A51 /* QuoteCell.swift */ = {isa = PBXFileReference; fileEncoding = 4; lastKnownFileType = sourcecode.swift; path = QuoteCell.swift; sourceTree = "<group>"; };
		A2F9F78C1EA9103300340A51 /* DataManager.swift */ = {isa = PBXFileReference; fileEncoding = 4; lastKnownFileType = sourcecode.swift; path = DataManager.swift; sourceTree = "<group>"; };
		AB14FDBA82CB58D5E9987298 /* Pods-Stock Boy.debug.xcconfig */ = {isa = PBXFileReference; includeInIndex = 1; lastKnownFileType = text.xcconfig; name = "Pods-Stock Boy.debug.xcconfig"; path = "Pods/Target Support Files/Pods-Stock Boy/Pods-Stock Boy.debug.xcconfig"; sourceTree = "<group>"; };
/* End PBXFileReference section */

/* Begin PBXFrameworksBuildPhase section */
		A21460A11EA6D29900831F14 /* Frameworks */ = {
			isa = PBXFrameworksBuildPhase;
			buildActionMask = 2147483647;
			files = (
			);
			runOnlyForDeploymentPostprocessing = 0;
		};
		A226E86A1EA69C9900354283 /* Frameworks */ = {
			isa = PBXFrameworksBuildPhase;
			buildActionMask = 2147483647;
			files = (
				E38F51EEF98293DCC537241E /* Pods_Stock_Boy.framework in Frameworks */,
			);
			runOnlyForDeploymentPostprocessing = 0;
		};
/* End PBXFrameworksBuildPhase section */

/* Begin PBXGroup section */
		5104A7FBCD1614E2998738E9 /* Pods */ = {
			isa = PBXGroup;
			children = (
				81100AEC0AA477588B529485 /* Pods-Stock Boy.release.xcconfig */,
				AB14FDBA82CB58D5E9987298 /* Pods-Stock Boy.debug.xcconfig */,
			);
			name = Pods;
			sourceTree = "<group>";
		};
		A21460971EA6A8C800831F14 /* Subclass */ = {
			isa = PBXGroup;
			children = (
				A214609A1EA6BC1200831F14 /* SearchBar.swift */,
				A21460931EA6A62400831F14 /* ViewController.swift */,
				A21460911EA69F3200831F14 /* TabBarController.swift */,
				A21460951EA6A79000831F14 /* NavigationController.swift */,
			);
			name = Subclass;
			sourceTree = "<group>";
		};
		A21460A51EA6D29900831F14 /* Stock Boy Tests */ = {
			isa = PBXGroup;
			children = (
				A21460A61EA6D29900831F14 /* Stock_Boy_Tests.swift */,
				A21460A81EA6D29900831F14 /* Info.plist */,
			);
			path = "Stock Boy Tests";
			sourceTree = "<group>";
		};
		A226E8641EA69C9900354283 = {
			isa = PBXGroup;
			children = (
				A226E86F1EA69C9900354283 /* Stock Boy */,
				A21460A51EA6D29900831F14 /* Stock Boy Tests */,
				A226E86E1EA69C9900354283 /* Products */,
				5104A7FBCD1614E2998738E9 /* Pods */,
				AD2E210AB8F0B4ABD56FDBA3 /* Frameworks */,
			);
			sourceTree = "<group>";
		};
		A226E86E1EA69C9900354283 /* Products */ = {
			isa = PBXGroup;
			children = (
				A226E86D1EA69C9900354283 /* Stock Boy.app */,
				A21460A41EA6D29900831F14 /* Stock Boy Tests.xctest */,
			);
			name = Products;
			sourceTree = "<group>";
		};
		A226E86F1EA69C9900354283 /* Stock Boy */ = {
			isa = PBXGroup;
			children = (
				A226E8701EA69C9900354283 /* AppDelegate.swift */,
				A214609E1EA6CEEF00831F14 /* URLManager.swift */,
				A2F9F78C1EA9103300340A51 /* DataManager.swift */,
				A226E8721EA69C9900354283 /* ChartViewController.swift */,
				A226E8741EA69C9900354283 /* QuoteViewController.swift */,
				A2F9F78A1EA90E2400340A51 /* QuoteCell.swift */,
				A21460981EA6AF9400831F14 /* StockTabBarController.swift */,
				A214608F1EA69E0F00831F14 /* Model.swift */,
				A226E8791EA69C9900354283 /* Assets.xcassets */,
				A226E87B1EA69C9900354283 /* LaunchScreen.storyboard */,
				A226E87E1EA69C9900354283 /* Info.plist */,
				A214609C1EA6C2B700831F14 /* Extensions.swift */,
				A21460971EA6A8C800831F14 /* Subclass */,
			);
			path = "Stock Boy";
			sourceTree = "<group>";
		};
		AD2E210AB8F0B4ABD56FDBA3 /* Frameworks */ = {
			isa = PBXGroup;
			children = (
				5AAC6870C3FC2C5F110DABCB /* Pods_Stock_Boy.framework */,
			);
			name = Frameworks;
			sourceTree = "<group>";
		};
/* End PBXGroup section */

/* Begin PBXNativeTarget section */
		A21460A31EA6D29900831F14 /* Stock Boy Tests */ = {
			isa = PBXNativeTarget;
			buildConfigurationList = A21460AD1EA6D29900831F14 /* Build configuration list for PBXNativeTarget "Stock Boy Tests" */;
			buildPhases = (
				A21460A01EA6D29900831F14 /* Sources */,
				A21460A11EA6D29900831F14 /* Frameworks */,
				A21460A21EA6D29900831F14 /* Resources */,
			);
			buildRules = (
			);
			dependencies = (
				A21460AA1EA6D29900831F14 /* PBXTargetDependency */,
			);
			name = "Stock Boy Tests";
			productName = "Stock Boy Tests";
			productReference = A21460A41EA6D29900831F14 /* Stock Boy Tests.xctest */;
			productType = "com.apple.product-type.bundle.unit-test";
		};
		A226E86C1EA69C9900354283 /* Stock Boy */ = {
			isa = PBXNativeTarget;
			buildConfigurationList = A226E8811EA69C9900354283 /* Build configuration list for PBXNativeTarget "Stock Boy" */;
			buildPhases = (
				F76DC5677939AC7455D13EE4 /* [CP] Check Pods Manifest.lock */,
				A226E8691EA69C9900354283 /* Sources */,
				A226E86A1EA69C9900354283 /* Frameworks */,
				A226E86B1EA69C9900354283 /* Resources */,
				6D9834E750677C91E5EE9472 /* [CP] Embed Pods Frameworks */,
				D8FA2047EDD62DFD83CA6685 /* [CP] Copy Pods Resources */,
			);
			buildRules = (
			);
			dependencies = (
			);
			name = "Stock Boy";
			productName = "Stock Boy";
			productReference = A226E86D1EA69C9900354283 /* Stock Boy.app */;
			productType = "com.apple.product-type.application";
		};
/* End PBXNativeTarget section */

/* Begin PBXProject section */
		A226E8651EA69C9900354283 /* Project object */ = {
			isa = PBXProject;
			attributes = {
				LastSwiftUpdateCheck = 0830;
				LastUpgradeCheck = 0830;
				ORGANIZATIONNAME = "Huang, Samuel";
				TargetAttributes = {
					A21460A31EA6D29900831F14 = {
						CreatedOnToolsVersion = 8.3.1;
						DevelopmentTeam = 2GK5GPF253;
						ProvisioningStyle = Automatic;
						TestTargetID = A226E86C1EA69C9900354283;
					};
					A226E86C1EA69C9900354283 = {
						CreatedOnToolsVersion = 8.3.1;
						DevelopmentTeam = 2GK5GPF253;
						ProvisioningStyle = Automatic;
					};
				};
			};
			buildConfigurationList = A226E8681EA69C9900354283 /* Build configuration list for PBXProject "Stock Boy" */;
			compatibilityVersion = "Xcode 3.2";
			developmentRegion = English;
			hasScannedForEncodings = 0;
			knownRegions = (
				en,
				Base,
			);
			mainGroup = A226E8641EA69C9900354283;
			productRefGroup = A226E86E1EA69C9900354283 /* Products */;
			projectDirPath = "";
			projectRoot = "";
			targets = (
				A226E86C1EA69C9900354283 /* Stock Boy */,
				A21460A31EA6D29900831F14 /* Stock Boy Tests */,
			);
		};
/* End PBXProject section */

/* Begin PBXResourcesBuildPhase section */
		A21460A21EA6D29900831F14 /* Resources */ = {
			isa = PBXResourcesBuildPhase;
			buildActionMask = 2147483647;
			files = (
			);
			runOnlyForDeploymentPostprocessing = 0;
		};
		A226E86B1EA69C9900354283 /* Resources */ = {
			isa = PBXResourcesBuildPhase;
			buildActionMask = 2147483647;
			files = (
				A226E87D1EA69C9900354283 /* LaunchScreen.storyboard in Resources */,
				A226E87A1EA69C9900354283 /* Assets.xcassets in Resources */,
			);
			runOnlyForDeploymentPostprocessing = 0;
		};
/* End PBXResourcesBuildPhase section */

/* Begin PBXShellScriptBuildPhase section */
		6D9834E750677C91E5EE9472 /* [CP] Embed Pods Frameworks */ = {
			isa = PBXShellScriptBuildPhase;
			buildActionMask = 2147483647;
			files = (
			);
			inputPaths = (
			);
			name = "[CP] Embed Pods Frameworks";
			outputPaths = (
			);
			runOnlyForDeploymentPostprocessing = 0;
			shellPath = /bin/sh;
			shellScript = "\"${SRCROOT}/Pods/Target Support Files/Pods-Stock Boy/Pods-Stock Boy-frameworks.sh\"\n";
			showEnvVarsInLog = 0;
		};
		D8FA2047EDD62DFD83CA6685 /* [CP] Copy Pods Resources */ = {
			isa = PBXShellScriptBuildPhase;
			buildActionMask = 2147483647;
			files = (
			);
			inputPaths = (
			);
			name = "[CP] Copy Pods Resources";
			outputPaths = (
			);
			runOnlyForDeploymentPostprocessing = 0;
			shellPath = /bin/sh;
			shellScript = "\"${SRCROOT}/Pods/Target Support Files/Pods-Stock Boy/Pods-Stock Boy-resources.sh\"\n";
			showEnvVarsInLog = 0;
		};
		F76DC5677939AC7455D13EE4 /* [CP] Check Pods Manifest.lock */ = {
			isa = PBXShellScriptBuildPhase;
			buildActionMask = 2147483647;
			files = (
			);
			inputPaths = (
			);
			name = "[CP] Check Pods Manifest.lock";
			outputPaths = (
			);
			runOnlyForDeploymentPostprocessing = 0;
			shellPath = /bin/sh;
			shellScript = "diff \"${PODS_PODFILE_DIR_PATH}/Podfile.lock\" \"${PODS_ROOT}/Manifest.lock\" > /dev/null\nif [ $? != 0 ] ; then\n    # print error to STDERR\n    echo \"error: The sandbox is not in sync with the Podfile.lock. Run 'pod install' or update your CocoaPods installation.\" >&2\n    exit 1\nfi\n";
			showEnvVarsInLog = 0;
		};
/* End PBXShellScriptBuildPhase section */

/* Begin PBXSourcesBuildPhase section */
		A21460A01EA6D29900831F14 /* Sources */ = {
			isa = PBXSourcesBuildPhase;
			buildActionMask = 2147483647;
			files = (
				A226831D1EA93BA3000B64C3 /* DataManager.swift in Sources */,
				A226831E1EA93BA3000B64C3 /* Model.swift in Sources */,
				A21460AE1EA6D3C900831F14 /* URLManager.swift in Sources */,
				A226831C1EA93B85000B64C3 /* Stock_Boy_Tests.swift in Sources */,
			);
			runOnlyForDeploymentPostprocessing = 0;
		};
		A226E8691EA69C9900354283 /* Sources */ = {
			isa = PBXSourcesBuildPhase;
			buildActionMask = 2147483647;
			files = (
				A2F9F78B1EA90E2400340A51 /* QuoteCell.swift in Sources */,
				A21460941EA6A62400831F14 /* ViewController.swift in Sources */,
				A226E8751EA69C9900354283 /* QuoteViewController.swift in Sources */,
				A21460991EA6AF9400831F14 /* StockTabBarController.swift in Sources */,
				A226E8711EA69C9900354283 /* AppDelegate.swift in Sources */,
				A214609F1EA6CEEF00831F14 /* URLManager.swift in Sources */,
				A226E8731EA69C9900354283 /* ChartViewController.swift in Sources */,
				A214609D1EA6C2B700831F14 /* Extensions.swift in Sources */,
				A214609B1EA6BC1200831F14 /* SearchBar.swift in Sources */,
				A21460921EA69F3200831F14 /* TabBarController.swift in Sources */,
				A21460961EA6A79000831F14 /* NavigationController.swift in Sources */,
				A2F9F78D1EA9103300340A51 /* DataManager.swift in Sources */,
				A21460901EA69E0F00831F14 /* Model.swift in Sources */,
			);
			runOnlyForDeploymentPostprocessing = 0;
		};
/* End PBXSourcesBuildPhase section */

/* Begin PBXTargetDependency section */
		A21460AA1EA6D29900831F14 /* PBXTargetDependency */ = {
			isa = PBXTargetDependency;
			target = A226E86C1EA69C9900354283 /* Stock Boy */;
			targetProxy = A21460A91EA6D29900831F14 /* PBXContainerItemProxy */;
		};
/* End PBXTargetDependency section */

/* Begin PBXVariantGroup section */
		A226E87B1EA69C9900354283 /* LaunchScreen.storyboard */ = {
			isa = PBXVariantGroup;
			children = (
				A226E87C1EA69C9900354283 /* Base */,
			);
			name = LaunchScreen.storyboard;
			sourceTree = "<group>";
		};
/* End PBXVariantGroup section */

/* Begin XCBuildConfiguration section */
		A21460AB1EA6D29900831F14 /* Debug */ = {
			isa = XCBuildConfiguration;
			baseConfigurationReference = AB14FDBA82CB58D5E9987298 /* Pods-Stock Boy.debug.xcconfig */;
			buildSettings = {
				BUNDLE_LOADER = "$(TEST_HOST)";
				DEVELOPMENT_TEAM = 2GK5GPF253;
				INFOPLIST_FILE = "Stock Boy Tests/Info.plist";
				LD_RUNPATH_SEARCH_PATHS = "$(inherited) @executable_path/Frameworks @loader_path/Frameworks";
				PRODUCT_BUNDLE_IDENTIFIER = "samhuang.Stock-Boy-Tests";
				PRODUCT_NAME = "$(TARGET_NAME)";
				SWIFT_VERSION = 3.0;
				TEST_HOST = "$(BUILT_PRODUCTS_DIR)/Stock Boy.app/Stock Boy";
			};
			name = Debug;
		};
		A21460AC1EA6D29900831F14 /* Release */ = {
			isa = XCBuildConfiguration;
			buildSettings = {
				BUNDLE_LOADER = "$(TEST_HOST)";
				DEVELOPMENT_TEAM = 2GK5GPF253;
				INFOPLIST_FILE = "Stock Boy Tests/Info.plist";
				LD_RUNPATH_SEARCH_PATHS = "$(inherited) @executable_path/Frameworks @loader_path/Frameworks";
				PRODUCT_BUNDLE_IDENTIFIER = "samhuang.Stock-Boy-Tests";
				PRODUCT_NAME = "$(TARGET_NAME)";
				SWIFT_VERSION = 3.0;
				TEST_HOST = "$(BUILT_PRODUCTS_DIR)/Stock Boy.app/Stock Boy";
			};
			name = Release;
		};
		A226E87F1EA69C9900354283 /* Debug */ = {
			isa = XCBuildConfiguration;
			buildSettings = {
				ALWAYS_SEARCH_USER_PATHS = NO;
				CLANG_ANALYZER_NONNULL = YES;
				CLANG_ANALYZER_NUMBER_OBJECT_CONVERSION = YES_AGGRESSIVE;
				CLANG_CXX_LANGUAGE_STANDARD = "gnu++0x";
				CLANG_CXX_LIBRARY = "libc++";
				CLANG_ENABLE_MODULES = YES;
				CLANG_ENABLE_OBJC_ARC = YES;
				CLANG_WARN_BOOL_CONVERSION = YES;
				CLANG_WARN_CONSTANT_CONVERSION = YES;
				CLANG_WARN_DIRECT_OBJC_ISA_USAGE = YES_ERROR;
				CLANG_WARN_DOCUMENTATION_COMMENTS = YES;
				CLANG_WARN_EMPTY_BODY = YES;
				CLANG_WARN_ENUM_CONVERSION = YES;
				CLANG_WARN_INFINITE_RECURSION = YES;
				CLANG_WARN_INT_CONVERSION = YES;
				CLANG_WARN_OBJC_ROOT_CLASS = YES_ERROR;
				CLANG_WARN_SUSPICIOUS_MOVE = YES;
				CLANG_WARN_UNREACHABLE_CODE = YES;
				CLANG_WARN__DUPLICATE_METHOD_MATCH = YES;
				"CODE_SIGN_IDENTITY[sdk=iphoneos*]" = "iPhone Developer";
				COPY_PHASE_STRIP = NO;
				DEBUG_INFORMATION_FORMAT = dwarf;
				ENABLE_STRICT_OBJC_MSGSEND = YES;
				ENABLE_TESTABILITY = YES;
				GCC_C_LANGUAGE_STANDARD = gnu99;
				GCC_DYNAMIC_NO_PIC = NO;
				GCC_NO_COMMON_BLOCKS = YES;
				GCC_OPTIMIZATION_LEVEL = 0;
				GCC_PREPROCESSOR_DEFINITIONS = (
					"DEBUG=1",
					"$(inherited)",
				);
				GCC_WARN_64_TO_32_BIT_CONVERSION = YES;
				GCC_WARN_ABOUT_RETURN_TYPE = YES_ERROR;
				GCC_WARN_UNDECLARED_SELECTOR = YES;
				GCC_WARN_UNINITIALIZED_AUTOS = YES_AGGRESSIVE;
				GCC_WARN_UNUSED_FUNCTION = YES;
				GCC_WARN_UNUSED_VARIABLE = YES;
				IPHONEOS_DEPLOYMENT_TARGET = 10.3;
				MTL_ENABLE_DEBUG_INFO = YES;
				ONLY_ACTIVE_ARCH = YES;
				SDKROOT = iphoneos;
				SWIFT_ACTIVE_COMPILATION_CONDITIONS = DEBUG;
				SWIFT_OPTIMIZATION_LEVEL = "-Onone";
			};
			name = Debug;
		};
		A226E8801EA69C9900354283 /* Release */ = {
			isa = XCBuildConfiguration;
			buildSettings = {
				ALWAYS_SEARCH_USER_PATHS = NO;
				CLANG_ANALYZER_NONNULL = YES;
				CLANG_ANALYZER_NUMBER_OBJECT_CONVERSION = YES_AGGRESSIVE;
				CLANG_CXX_LANGUAGE_STANDARD = "gnu++0x";
				CLANG_CXX_LIBRARY = "libc++";
				CLANG_ENABLE_MODULES = YES;
				CLANG_ENABLE_OBJC_ARC = YES;
				CLANG_WARN_BOOL_CONVERSION = YES;
				CLANG_WARN_CONSTANT_CONVERSION = YES;
				CLANG_WARN_DIRECT_OBJC_ISA_USAGE = YES_ERROR;
				CLANG_WARN_DOCUMENTATION_COMMENTS = YES;
				CLANG_WARN_EMPTY_BODY = YES;
				CLANG_WARN_ENUM_CONVERSION = YES;
				CLANG_WARN_INFINITE_RECURSION = YES;
				CLANG_WARN_INT_CONVERSION = YES;
				CLANG_WARN_OBJC_ROOT_CLASS = YES_ERROR;
				CLANG_WARN_SUSPICIOUS_MOVE = YES;
				CLANG_WARN_UNREACHABLE_CODE = YES;
				CLANG_WARN__DUPLICATE_METHOD_MATCH = YES;
				"CODE_SIGN_IDENTITY[sdk=iphoneos*]" = "iPhone Developer";
				COPY_PHASE_STRIP = NO;
				DEBUG_INFORMATION_FORMAT = "dwarf-with-dsym";
				ENABLE_NS_ASSERTIONS = NO;
				ENABLE_STRICT_OBJC_MSGSEND = YES;
				GCC_C_LANGUAGE_STANDARD = gnu99;
				GCC_NO_COMMON_BLOCKS = YES;
				GCC_WARN_64_TO_32_BIT_CONVERSION = YES;
				GCC_WARN_ABOUT_RETURN_TYPE = YES_ERROR;
				GCC_WARN_UNDECLARED_SELECTOR = YES;
				GCC_WARN_UNINITIALIZED_AUTOS = YES_AGGRESSIVE;
				GCC_WARN_UNUSED_FUNCTION = YES;
				GCC_WARN_UNUSED_VARIABLE = YES;
				IPHONEOS_DEPLOYMENT_TARGET = 10.3;
				MTL_ENABLE_DEBUG_INFO = NO;
				SDKROOT = iphoneos;
				SWIFT_OPTIMIZATION_LEVEL = "-Owholemodule";
				VALIDATE_PRODUCT = YES;
			};
			name = Release;
		};
		A226E8821EA69C9900354283 /* Debug */ = {
			isa = XCBuildConfiguration;
			baseConfigurationReference = AB14FDBA82CB58D5E9987298 /* Pods-Stock Boy.debug.xcconfig */;
			buildSettings = {
				ASSETCATALOG_COMPILER_APPICON_NAME = AppIcon;
				"CODE_SIGN_IDENTITY[sdk=iphoneos*]" = "iPhone Developer";
				DEVELOPMENT_TEAM = 2GK5GPF253;
				INFOPLIST_FILE = "Stock Boy/Info.plist";
				LD_RUNPATH_SEARCH_PATHS = "$(inherited) @executable_path/Frameworks";
				PRODUCT_BUNDLE_IDENTIFIER = "samhuang.Stock-Boy";
				PRODUCT_NAME = "$(TARGET_NAME)";
				PROVISIONING_PROFILE_SPECIFIER = "";
				SWIFT_VERSION = 3.0;
			};
			name = Debug;
		};
		A226E8831EA69C9900354283 /* Release */ = {
			isa = XCBuildConfiguration;
			baseConfigurationReference = 81100AEC0AA477588B529485 /* Pods-Stock Boy.release.xcconfig */;
			buildSettings = {
				ASSETCATALOG_COMPILER_APPICON_NAME = AppIcon;
				"CODE_SIGN_IDENTITY[sdk=iphoneos*]" = "iPhone Developer";
				DEVELOPMENT_TEAM = 2GK5GPF253;
				INFOPLIST_FILE = "Stock Boy/Info.plist";
				LD_RUNPATH_SEARCH_PATHS = "$(inherited) @executable_path/Frameworks";
				PRODUCT_BUNDLE_IDENTIFIER = "samhuang.Stock-Boy";
				PRODUCT_NAME = "$(TARGET_NAME)";
				PROVISIONING_PROFILE_SPECIFIER = "";
				SWIFT_VERSION = 3.0;
			};
			name = Release;
		};
/* End XCBuildConfiguration section */

/* Begin XCConfigurationList section */
		A21460AD1EA6D29900831F14 /* Build configuration list for PBXNativeTarget "Stock Boy Tests" */ = {
			isa = XCConfigurationList;
			buildConfigurations = (
				A21460AB1EA6D29900831F14 /* Debug */,
				A21460AC1EA6D29900831F14 /* Release */,
			);
			defaultConfigurationIsVisible = 0;
			defaultConfigurationName = Release;
		};
		A226E8681EA69C9900354283 /* Build configuration list for PBXProject "Stock Boy" */ = {
			isa = XCConfigurationList;
			buildConfigurations = (
				A226E87F1EA69C9900354283 /* Debug */,
				A226E8801EA69C9900354283 /* Release */,
			);
			defaultConfigurationIsVisible = 0;
			defaultConfigurationName = Release;
		};
		A226E8811EA69C9900354283 /* Build configuration list for PBXNativeTarget "Stock Boy" */ = {
			isa = XCConfigurationList;
			buildConfigurations = (
				A226E8821EA69C9900354283 /* Debug */,
				A226E8831EA69C9900354283 /* Release */,
			);
			defaultConfigurationIsVisible = 0;
			defaultConfigurationName = Release;
		};
/* End XCConfigurationList section */
	};
	rootObject = A226E8651EA69C9900354283 /* Project object */;
}
